{
  "name": "valentine-app",
  "version": "1.0.0",
  "lockfileVersion": 3,
  "requires": true,
  "packages": {
    "": {
      "name": "valentine-app",
      "version": "1.0.0",
      "license": "MIT",
      "dependencies": {
        "react": "^18.2.0",
        "react-dom": "^18.2.0",
        "framer-motion": "^10.0.0",
        "react-router-dom": "^6.16.0"
      },
      "devDependencies": {
        "vite": "^4.4.9",
        "@vitejs/plugin-react": "^4.0.0",
        "typescript": "^5.2.2",
        "@types/react": "^18.2.21",
        "@types/react-dom": "^18.2.7",
        "@typescript-eslint/parser": "^6.9.0",
        "@typescript-eslint/eslint-plugin": "^6.9.0",
        "eslint": "^8.52.0",
        "eslint-plugin-react": "^7.33.2"
      }
    },
    "node_modules/react": {
      "version": "18.2.0",
      "resolved": "https://registry.npmjs.org/react/-/react-18.2.0.tgz",
      "integrity": "sha512-xxxxxxxxxxxxxxxxxxxxxxxxxxxxxxxxxxxxxxxxxxx",
      "dev": false
    },
    "node_modules/react-dom": {
      "version": "18.2.0",
      "resolved": "https://registry.npmjs.org/react-dom/-/react-dom-18.2.0.tgz",
      "integrity": "sha512-xxxxxxxxxxxxxxxxxxxxxxxxxxxxxxxxxxxxxxxxxxx",
      "dev": false
    },
    "node_modules/framer-motion": {
      "version": "10.0.0",
      "resolved": "https://registry.npmjs.org/framer-motion/-/framer-motion-10.0.0.tgz",
      "integrity": "sha512-xxxxxxxxxxxxxxxxxxxxxxxxxxxxxxxxxxxxxxxxxxx",
      "dev": false
    },
    "node_modules/react-router-dom": {
      "version": "6.16.0",
      "resolved": "https://registry.npmjs.org/react-router-dom/-/react-router-dom-6.16.0.tgz",
      "integrity": "sha512-xxxxxxxxxxxxxxxxxxxxxxxxxxxxxxxxxxxxxxxxxxx",
      "dev": false
    }
  }
}
